
Microsoft Visual Studio Solution File, Format Version 12.00
# Visual Studio 15
VisualStudioVersion = 15.0.28307.168
MinimumVisualStudioVersion = 10.0.40219.1
Project("{FAE04EC0-301F-11D3-BF4B-00C04F79EFBC}") = "20181227_Smart-OOP", "20181227_Smart-OOP\20181227_Smart-OOP.csproj", "{9277C2BC-D768-4FC7-B2B3-CEBC65959DC3}"
EndProject
Project("{FAE04EC0-301F-11D3-BF4B-00C04F79EFBC}") = "metod-try-catch", "metod-try-catch\metod-try-catch.csproj", "{30C16366-18B3-4F13-83BD-8C1A9CDE0AC7}"
EndProject
Project("{FAE04EC0-301F-11D3-BF4B-00C04F79EFBC}") = "metod-try-catch-ornek1", "metod-try-catch-ornek1\metod-try-catch-ornek1.csproj", "{692AA85E-8B02-4F43-9146-09BE01CBCCC9}"
EndProject
Project("{FAE04EC0-301F-11D3-BF4B-00C04F79EFBC}") = "metod-try-catch-ornek2", "metod-try-catch-ornek2\metod-try-catch-ornek2.csproj", "{0922811C-B977-4A35-86ED-9971B80BCAB9}"
EndProject
Project("{FAE04EC0-301F-11D3-BF4B-00C04F79EFBC}") = "metod-try-catch-ornek3", "metod-try-catch-ornek3\metod-try-catch-ornek3.csproj", "{69C529F6-373E-435E-AE02-03663D478DA4}"
EndProject
Project("{FAE04EC0-301F-11D3-BF4B-00C04F79EFBC}") = "metod-try-catch-hataAyiklama", "metod-try-catch-hataAyiklama\metod-try-catch-hataAyiklama.csproj", "{9B13AF4F-1981-4FF6-9EF9-708387D8ED58}"
EndProject
Project("{FAE04EC0-301F-11D3-BF4B-00C04F79EFBC}") = "enumlar1", "enumlar1\enumlar1.csproj", "{606900B0-0C7A-460E-AE1A-ADFDECC967EB}"
EndProject
Project("{FAE04EC0-301F-11D3-BF4B-00C04F79EFBC}") = "enumlar2", "enumlar2\enumlar2.csproj", "{DEF32F18-A70B-4A90-A310-DD2B8B7913F5}"
EndProject
Project("{FAE04EC0-301F-11D3-BF4B-00C04F79EFBC}") = "enumlar3", "enumlar3\enumlar3.csproj", "{95F3D5DF-8523-4EEC-8F38-0BDEF74C1AE5}"
EndProject
Project("{FAE04EC0-301F-11D3-BF4B-00C04F79EFBC}") = "ontanimlayicilar", "ontanimlayicilar\ontanimlayicilar.csproj", "{41D98B4E-3681-4048-8B6B-91B705808392}"
EndProject
Project("{FAE04EC0-301F-11D3-BF4B-00C04F79EFBC}") = "ontanimlayicilar1", "ontanimlayicilar1\ontanimlayicilar1.csproj", "{A3A3387B-671D-4189-800F-35E3F7DFDAA0}"
EndProject
Project("{FAE04EC0-301F-11D3-BF4B-00C04F79EFBC}") = "class-kullanimi", "class-kullanimi\class-kullanimi.csproj", "{C785BF9F-9ACD-4246-986B-9103B9BDB2BE}"
EndProject
Project("{FAE04EC0-301F-11D3-BF4B-00C04F79EFBC}") = "class-ornek1", "class-ornek1\class-ornek1.csproj", "{10F861FF-0A5E-4501-BAED-D9C3AC1C35DF}"
EndProject
Project("{FAE04EC0-301F-11D3-BF4B-00C04F79EFBC}") = "class-ornek2", "class-ornek2\class-ornek2.csproj", "{25987189-613A-48F6-8774-07D600B1E947}"
EndProject
Project("{FAE04EC0-301F-11D3-BF4B-00C04F79EFBC}") = "class-hayvanlarAlemi", "class-hayvanlarAlemi\class-hayvanlarAlemi.csproj", "{1ABDA8A7-EEDD-41A5-B54B-0F6573F0C354}"
EndProject
Project("{FAE04EC0-301F-11D3-BF4B-00C04F79EFBC}") = "class-mirasAlma", "class-mirasAlma\class-mirasAlma.csproj", "{9CB43908-58D6-4568-AD23-8FD979A4FF66}"
EndProject
Project("{FAE04EC0-301F-11D3-BF4B-00C04F79EFBC}") = "class-ornek3", "class-ornek3\class-ornek3.csproj", "{B1EE2B18-C4B4-4B5A-9EC6-A7EA73A461A8}"
EndProject
Project("{FAE04EC0-301F-11D3-BF4B-00C04F79EFBC}") = "class-mirasAlma-kurs", "class-mirasAlma-kurs\class-mirasAlma-kurs.csproj", "{C8B77927-D8FE-432F-BE51-F3A02F9CE0E0}"
EndProject
Project("{FAE04EC0-301F-11D3-BF4B-00C04F79EFBC}") = "class-yapici-yikici", "class-yapici-yikici\class-yapici-yikici.csproj", "{A987FD55-EBA2-42C8-93DA-0C6444CB27CA}"
EndProject
Project("{FAE04EC0-301F-11D3-BF4B-00C04F79EFBC}") = "class-yapici-ornek2", "class-yapici-ornek2\class-yapici-ornek2.csproj", "{2AC11864-C9BC-4730-8750-489D8B2CFDC7}"
EndProject
Project("{FAE04EC0-301F-11D3-BF4B-00C04F79EFBC}") = "class-dosyaReferans", "class-dosyaReferans\class-dosyaReferans.csproj", "{93B7130E-A049-44E2-B49B-940CE4C644EF}"
EndProject
Project("{FAE04EC0-301F-11D3-BF4B-00C04F79EFBC}") = "class-kapsulleme", "class-kapsulleme\class-kapsulleme.csproj", "{54909CFA-E125-4240-8290-F7942DE35D28}"
EndProject
Project("{FAE04EC0-301F-11D3-BF4B-00C04F79EFBC}") = "class-kapsulleme-ornek2", "class-kapsulleme-ornek2\class-kapsulleme-ornek2.csproj", "{84FE7729-FF0E-4482-8F07-7E4FA6A7AAC0}"
EndProject
Project("{FAE04EC0-301F-11D3-BF4B-00C04F79EFBC}") = "class-kapsulleme-ayakkabi-ornek", "class-kapsulleme-ayakkabi-ornek\class-kapsulleme-ayakkabi-ornek.csproj", "{C35E2C9C-25EE-4C30-868D-C7AAF03EECF9}"
EndProject
Project("{FAE04EC0-301F-11D3-BF4B-00C04F79EFBC}") = "class-abstract -sınıfMetodKullanimi", "class-abstract -sınıfMetodKullanimi\class-abstract -sınıfMetodKullanimi.csproj", "{16894E6F-69AB-49ED-9027-2270A9D9762B}"
EndProject
Project("{FAE04EC0-301F-11D3-BF4B-00C04F79EFBC}") = "metod", "metod\metod.csproj", "{50B5F8CA-FC17-4C66-8FC6-85924811FF9A}"
EndProject
Project("{FAE04EC0-301F-11D3-BF4B-00C04F79EFBC}") = "class-abstract-ornek1", "class-abstract-ornek1\class-abstract-ornek1.csproj", "{071D4F23-BCD4-4E9C-B7B0-0AA6F2CC4252}"
EndProject
Project("{FAE04EC0-301F-11D3-BF4B-00C04F79EFBC}") = "class-abstract-ornek2", "class-abstract-ornek2\class-abstract-ornek2.csproj", "{F0E82C30-C378-41A6-A09D-CDE6979FADE4}"
EndProject
Project("{FAE04EC0-301F-11D3-BF4B-00C04F79EFBC}") = "struct-yapisi", "struct-yapisi\struct-yapisi.csproj", "{C6845F9D-9FE0-46DE-B458-781002702354}"
EndProject
Project("{FAE04EC0-301F-11D3-BF4B-00C04F79EFBC}") = "struct-yapisi-2", "struct-yapisi-2\struct-yapisi-2.csproj", "{6E7D0FCE-254A-4550-B763-E10027C61CB4}"
EndProject
Project("{FAE04EC0-301F-11D3-BF4B-00C04F79EFBC}") = "interface-kullanimi", "interface-kullanimi\interface-kullanimi.csproj", "{86D4A3DC-028B-48D2-B22F-96EA0FBC7DEC}"
EndProject
Project("{FAE04EC0-301F-11D3-BF4B-00C04F79EFBC}") = "interface-ogrenci-ornek", "interface-ogrenci-ornek\interface-ogrenci-ornek.csproj", "{231336AF-42FC-48F3-BC8D-3D61C92CC8B5}"
EndProject
Project("{FAE04EC0-301F-11D3-BF4B-00C04F79EFBC}") = "IO-girisCikisIslemleri", "IO-girisCikisIslemleri\IO-girisCikisIslemleri.csproj", "{D4E87D7F-0023-46FA-8AAB-90A7516E89AA}"
EndProject
Project("{FAE04EC0-301F-11D3-BF4B-00C04F79EFBC}") = "Split", "Split\Split.csproj", "{D4A94B97-992E-49C9-AA35-F1C9AF62760F}"
EndProject
Project("{FAE04EC0-301F-11D3-BF4B-00C04F79EFBC}") = "delege-kullanimi", "delege-kullanimi\delege-kullanimi.csproj", "{ECC587CC-B88F-4B6C-9EC9-B5A1049AD1A7}"
EndProject
Project("{FAE04EC0-301F-11D3-BF4B-00C04F79EFBC}") = "delegate-invoke", "delegate-invoke\delegate-invoke.csproj", "{BC9F1E31-BBBA-4709-8695-64698C160AEF}"
EndProject
Project("{FAE04EC0-301F-11D3-BF4B-00C04F79EFBC}") = "delegate-kullanimi-ornek2", "delegate-kullanimi-ornek2\delegate-kullanimi-ornek2.csproj", "{A89C6E82-33ED-4407-BD28-1581C31A4762}"
EndProject
Project("{FAE04EC0-301F-11D3-BF4B-00C04F79EFBC}") = "delege-event-kullanimi", "delege-event-kullanimi\delege-event-kullanimi.csproj", "{DEDCC787-A7B8-4623-BF26-B7503C61371D}"
EndProject
Project("{FAE04EC0-301F-11D3-BF4B-00C04F79EFBC}") = "delege-olayYeriInceleme", "delege-olayYeriInceleme\delege-olayYeriInceleme.csproj", "{F0D01956-FF3F-4496-AB6D-D04053BE9750}"
EndProject
Project("{FAE04EC0-301F-11D3-BF4B-00C04F79EFBC}") = "koleksiyonlar-kullanimlari-tanimi", "koleksiyonlar-kullanimlari-tanimi\koleksiyonlar-kullanimlari-tanimi.csproj", "{FEB07964-C966-40DD-BEBB-F843570F88EF}"
EndProject
Project("{FAE04EC0-301F-11D3-BF4B-00C04F79EFBC}") = "arrayList-ornek1", "arrayList-ornek1\arrayList-ornek1.csproj", "{F9364881-CE50-46C3-B02D-59D3282271EB}"
EndProject
Project("{FAE04EC0-301F-11D3-BF4B-00C04F79EFBC}") = "queue-list", "queue-list\queue-list.csproj", "{7C659266-50A3-4286-82FA-825501D1A7E2}"
EndProject
Project("{FAE04EC0-301F-11D3-BF4B-00C04F79EFBC}") = "koleksiyonlar-stackList", "koleksiyonlar-stackList\koleksiyonlar-stackList.csproj", "{27927F45-0FEA-4AC4-8355-83FD4160A22A}"
EndProject
Project("{FAE04EC0-301F-11D3-BF4B-00C04F79EFBC}") = "koleksiyonlar-sortedList", "koleksiyonlar-sortedList\koleksiyonlar-sortedList.csproj", "{97867C66-04F8-4DA9-938B-DE783215C2D9}"
EndProject
Project("{FAE04EC0-301F-11D3-BF4B-00C04F79EFBC}") = "koleksiyonlar-hashtable-kullanimi", "koleksiyonlar-hashtable-kullanimi\koleksiyonlar-hashtable-kullanimi.csproj", "{0F06D4CF-BDFD-474A-BDCE-AB889C510798}"
EndProject
Project("{FAE04EC0-301F-11D3-BF4B-00C04F79EFBC}") = "Koleksiyonlar-List", "Koleksiyonlar-List\Koleksiyonlar-List.csproj", "{D10ECC8D-CF23-4816-843C-1030D66F36E9}"
EndProject
Project("{FAE04EC0-301F-11D3-BF4B-00C04F79EFBC}") = "koleksiyonlar-List-ornek1", "koleksiyonlar-List-ornek1\koleksiyonlar-List-ornek1.csproj", "{C0C1C8D3-1079-4E2D-AB98-EFE2194EB6E7}"
EndProject
Project("{FAE04EC0-301F-11D3-BF4B-00C04F79EFBC}") = "koleksiyonlar-List-ornek2", "koleksiyonlar-List-ornek2\koleksiyonlar-List-ornek2.csproj", "{58346F3E-58A9-4097-82A4-571C31540B68}"
EndProject
Project("{FAE04EC0-301F-11D3-BF4B-00C04F79EFBC}") = "class-abstract-virtual-metod", "class-abstract-virtual-metod\class-abstract-virtual-metod.csproj", "{981D564F-D8B8-4E47-80F8-60C6B49525E3}"
EndProject
Project("{FAE04EC0-301F-11D3-BF4B-00C04F79EFBC}") = "class-virtual-base-kullanimi", "class-virtual-base-kullanimi\class-virtual-base-kullanimi.csproj", "{54CAE73F-1459-4BB8-A17C-6F3DDA7254E5}"
EndProject
Project("{FAE04EC0-301F-11D3-BF4B-00C04F79EFBC}") = "class-virtual-base-ornek2", "class-virtual-base-ornek2\class-virtual-base-ornek2.csproj", "{40399F8B-9F81-438D-A0DE-44E16391D84D}"
EndProject
Project("{FAE04EC0-301F-11D3-BF4B-00C04F79EFBC}") = "class-base-kullanimi", "class-base-kullanimi\class-base-kullanimi.csproj", "{381866DB-D8FF-4B90-8611-4E927F424C21}"
EndProject
Project("{FAE04EC0-301F-11D3-BF4B-00C04F79EFBC}") = "Generic-class-Generic-metod", "Generic-class-Generic-metod\Generic-class-Generic-metod.csproj", "{CA1C7429-B654-4282-8044-15B799672340}"
EndProject
Project("{FAE04EC0-301F-11D3-BF4B-00C04F79EFBC}") = "Generic-tip-list", "Generic-tip-list\Generic-tip-list.csproj", "{9B36BDF2-F590-42E4-857D-BC804FDF460B}"
EndProject
Project("{FAE04EC0-301F-11D3-BF4B-00C04F79EFBC}") = "Generic-ornek1", "Generic-ornek1\Generic-ornek1.csproj", "{C00E750C-8695-4665-8731-BAE1FA6B7F37}"
EndProject
Project("{FAE04EC0-301F-11D3-BF4B-00C04F79EFBC}") = "Generic-ornek2", "Generic-ornek2\Generic-ornek2.csproj", "{3F2E85E6-4DF5-4F82-993E-C4579675E9BD}"
EndProject
Project("{FAE04EC0-301F-11D3-BF4B-00C04F79EFBC}") = "Generic-ornek3", "Generic-ornek3\Generic-ornek3.csproj", "{BEE1D27C-823B-4C14-A98C-9DF240AD98B3}"
EndProject
Project("{FAE04EC0-301F-11D3-BF4B-00C04F79EFBC}") = "class-list-ornek1", "class-list-ornek1\class-list-ornek1.csproj", "{EEFF4880-1ECF-4220-BC7B-CF32092639EC}"
EndProject
Project("{FAE04EC0-301F-11D3-BF4B-00C04F79EFBC}") = "Class-List-Kullanimi-IEquatable", "Class-List-Kullanimi-IEquatable\Class-List-Kullanimi-IEquatable.csproj", "{06EB3CB1-AB9B-42E3-92B7-16BDF7AF76C7}"
EndProject
Project("{FAE04EC0-301F-11D3-BF4B-00C04F79EFBC}") = "List-ornek5", "List-ornek5\List-ornek5.csproj", "{941FE804-4D8D-4847-B9B7-3EF59AAC04F5}"
EndProject
Project("{FAE04EC0-301F-11D3-BF4B-00C04F79EFBC}") = "Metod-Generic-ornek1", "Metod-Generic-ornek1\Metod-Generic-ornek1.csproj", "{9B97ADA5-ACFB-43DE-A12D-718AAA8EC333}"
EndProject
Project("{FAE04EC0-301F-11D3-BF4B-00C04F79EFBC}") = "class-karsilastirma", "class-karsilastirma\class-karsilastirma.csproj", "{D0F0F80D-C16A-41DC-8D36-6B2837CD1630}"
EndProject
Project("{FAE04EC0-301F-11D3-BF4B-00C04F79EFBC}") = "indexer-ornek", "indexer-ornek\indexer-ornek.csproj", "{4F697A90-1A78-46FD-9CEA-BE4DB3ACE25E}"
EndProject
Project("{FAE04EC0-301F-11D3-BF4B-00C04F79EFBC}") = "Dictionary-sozluk-ornek", "Dictionary-sozluk-ornek\Dictionary-sozluk-ornek.csproj", "{D1EE5AD0-7F92-4EE3-BE53-264FF82F9797}"
EndProject
Project("{FAE04EC0-301F-11D3-BF4B-00C04F79EFBC}") = "dll-kullanimi", "dll-kullanimi\dll-kullanimi.csproj", "{97ADA34B-47E0-4CFE-A88A-7771E84784AA}"
EndProject
Project("{FAE04EC0-301F-11D3-BF4B-00C04F79EFBC}") = "dll-kaynak", "dll-kaynak\dll-kaynak.csproj", "{213C47E7-DA1E-431A-8708-9FCCF4120F9A}"
EndProject
Project("{FAE04EC0-301F-11D3-BF4B-00C04F79EFBC}") = "xml-serialization-deserializasyon", "xml-serialization-deserializasyon\xml-serialization-deserializasyon.csproj", "{9FDFB0C2-BAAD-49AC-9647-83B58E9A6F5B}"
EndProject
Project("{FAE04EC0-301F-11D3-BF4B-00C04F79EFBC}") = "xml-ornek2", "xml-ornek2\xml-ornek2.csproj", "{7AFB3546-B8D0-47FA-B469-92677DACE152}"
EndProject
Project("{FAE04EC0-301F-11D3-BF4B-00C04F79EFBC}") = "Linq-kullanimi", "Linq-kullanimi\Linq-kullanimi.csproj", "{3726308C-ADE7-4D40-BB3B-150C0D958B87}"
EndProject
Project("{FAE04EC0-301F-11D3-BF4B-00C04F79EFBC}") = "Linq-kullanimi2-Operatorler", "Linq-kullanimi2-Operatorler\Linq-kullanimi2-Operatorler.csproj", "{A355E6B2-7D80-4EF2-AFA0-AAF2BE53857A}"
EndProject
Project("{FAE04EC0-301F-11D3-BF4B-00C04F79EFBC}") = "Linq-Quantifiers", "Linq-Quantifiers\Linq-Quantifiers.csproj", "{26B07136-D8C5-4D84-AC24-2FA82E40B090}"
EndProject
Project("{FAE04EC0-301F-11D3-BF4B-00C04F79EFBC}") = "Linq-QueryExecution", "Linq-QueryExecution\Linq-QueryExecution.csproj", "{67DEAE1D-FBC0-4011-9AD4-8873C68D7D7F}"
EndProject
Project("{FAE04EC0-301F-11D3-BF4B-00C04F79EFBC}") = "Linq-Ordering", "Linq-Ordering\Linq-Ordering.csproj", "{E14CDC6D-EED3-40DD-A466-32FC37659CD2}"
EndProject
Project("{FAE04EC0-301F-11D3-BF4B-00C04F79EFBC}") = "Linq-Element-Operators", "Linq-Element-Operators\Linq-Element-Operators.csproj", "{C45B792A-9A0F-4D25-BAF2-09B3DF7B55E2}"
EndProject
Project("{FAE04EC0-301F-11D3-BF4B-00C04F79EFBC}") = "Linq-GenerationOperators", "Linq-GenerationOperators\Linq-GenerationOperators.csproj", "{5B6AFD97-B05E-4ED0-903F-FE7EC8EF6863}"
EndProject
Project("{FAE04EC0-301F-11D3-BF4B-00C04F79EFBC}") = "Linq-AggregateOperators", "Linq-AggregateOperators\Linq-AggregateOperators.csproj", "{FBE8571C-0B81-49BC-B69F-F7EA2165523C}"
EndProject
Project("{FAE04EC0-301F-11D3-BF4B-00C04F79EFBC}") = "Linq-ConversionOpertor", "Linq-ConversionOpertor\Linq-ConversionOpertor.csproj", "{293DD35B-4E08-4FAE-AD0A-3FF302824356}"
EndProject
Project("{FAE04EC0-301F-11D3-BF4B-00C04F79EFBC}") = "Linq-GroupBy", "Linq-GroupBy\Linq-GroupBy.csproj", "{F5C07EB9-E9AD-4655-84D8-0BE73FFBCEA9}"
EndProject
Project("{FAE04EC0-301F-11D3-BF4B-00C04F79EFBC}") = "Linq-Ornek", "Linq-Ornek\Linq-Ornek.csproj", "{0AEEB525-A5FF-44D2-BCED-781ADCA76F44}"
EndProject
Global
	GlobalSection(SolutionConfigurationPlatforms) = preSolution
		Debug|Any CPU = Debug|Any CPU
		Release|Any CPU = Release|Any CPU
	EndGlobalSection
	GlobalSection(ProjectConfigurationPlatforms) = postSolution
		{9277C2BC-D768-4FC7-B2B3-CEBC65959DC3}.Debug|Any CPU.ActiveCfg = Debug|Any CPU
		{9277C2BC-D768-4FC7-B2B3-CEBC65959DC3}.Debug|Any CPU.Build.0 = Debug|Any CPU
		{9277C2BC-D768-4FC7-B2B3-CEBC65959DC3}.Release|Any CPU.ActiveCfg = Release|Any CPU
		{9277C2BC-D768-4FC7-B2B3-CEBC65959DC3}.Release|Any CPU.Build.0 = Release|Any CPU
		{30C16366-18B3-4F13-83BD-8C1A9CDE0AC7}.Debug|Any CPU.ActiveCfg = Debug|Any CPU
		{30C16366-18B3-4F13-83BD-8C1A9CDE0AC7}.Debug|Any CPU.Build.0 = Debug|Any CPU
		{30C16366-18B3-4F13-83BD-8C1A9CDE0AC7}.Release|Any CPU.ActiveCfg = Release|Any CPU
		{30C16366-18B3-4F13-83BD-8C1A9CDE0AC7}.Release|Any CPU.Build.0 = Release|Any CPU
		{692AA85E-8B02-4F43-9146-09BE01CBCCC9}.Debug|Any CPU.ActiveCfg = Debug|Any CPU
		{692AA85E-8B02-4F43-9146-09BE01CBCCC9}.Debug|Any CPU.Build.0 = Debug|Any CPU
		{692AA85E-8B02-4F43-9146-09BE01CBCCC9}.Release|Any CPU.ActiveCfg = Release|Any CPU
		{692AA85E-8B02-4F43-9146-09BE01CBCCC9}.Release|Any CPU.Build.0 = Release|Any CPU
		{0922811C-B977-4A35-86ED-9971B80BCAB9}.Debug|Any CPU.ActiveCfg = Debug|Any CPU
		{0922811C-B977-4A35-86ED-9971B80BCAB9}.Debug|Any CPU.Build.0 = Debug|Any CPU
		{0922811C-B977-4A35-86ED-9971B80BCAB9}.Release|Any CPU.ActiveCfg = Release|Any CPU
		{0922811C-B977-4A35-86ED-9971B80BCAB9}.Release|Any CPU.Build.0 = Release|Any CPU
		{69C529F6-373E-435E-AE02-03663D478DA4}.Debug|Any CPU.ActiveCfg = Debug|Any CPU
		{69C529F6-373E-435E-AE02-03663D478DA4}.Debug|Any CPU.Build.0 = Debug|Any CPU
		{69C529F6-373E-435E-AE02-03663D478DA4}.Release|Any CPU.ActiveCfg = Release|Any CPU
		{69C529F6-373E-435E-AE02-03663D478DA4}.Release|Any CPU.Build.0 = Release|Any CPU
		{9B13AF4F-1981-4FF6-9EF9-708387D8ED58}.Debug|Any CPU.ActiveCfg = Debug|Any CPU
		{9B13AF4F-1981-4FF6-9EF9-708387D8ED58}.Debug|Any CPU.Build.0 = Debug|Any CPU
		{9B13AF4F-1981-4FF6-9EF9-708387D8ED58}.Release|Any CPU.ActiveCfg = Release|Any CPU
		{9B13AF4F-1981-4FF6-9EF9-708387D8ED58}.Release|Any CPU.Build.0 = Release|Any CPU
		{606900B0-0C7A-460E-AE1A-ADFDECC967EB}.Debug|Any CPU.ActiveCfg = Debug|Any CPU
		{606900B0-0C7A-460E-AE1A-ADFDECC967EB}.Debug|Any CPU.Build.0 = Debug|Any CPU
		{606900B0-0C7A-460E-AE1A-ADFDECC967EB}.Release|Any CPU.ActiveCfg = Release|Any CPU
		{606900B0-0C7A-460E-AE1A-ADFDECC967EB}.Release|Any CPU.Build.0 = Release|Any CPU
		{DEF32F18-A70B-4A90-A310-DD2B8B7913F5}.Debug|Any CPU.ActiveCfg = Debug|Any CPU
		{DEF32F18-A70B-4A90-A310-DD2B8B7913F5}.Debug|Any CPU.Build.0 = Debug|Any CPU
		{DEF32F18-A70B-4A90-A310-DD2B8B7913F5}.Release|Any CPU.ActiveCfg = Release|Any CPU
		{DEF32F18-A70B-4A90-A310-DD2B8B7913F5}.Release|Any CPU.Build.0 = Release|Any CPU
		{95F3D5DF-8523-4EEC-8F38-0BDEF74C1AE5}.Debug|Any CPU.ActiveCfg = Debug|Any CPU
		{95F3D5DF-8523-4EEC-8F38-0BDEF74C1AE5}.Debug|Any CPU.Build.0 = Debug|Any CPU
		{95F3D5DF-8523-4EEC-8F38-0BDEF74C1AE5}.Release|Any CPU.ActiveCfg = Release|Any CPU
		{95F3D5DF-8523-4EEC-8F38-0BDEF74C1AE5}.Release|Any CPU.Build.0 = Release|Any CPU
		{41D98B4E-3681-4048-8B6B-91B705808392}.Debug|Any CPU.ActiveCfg = Debug|Any CPU
		{41D98B4E-3681-4048-8B6B-91B705808392}.Debug|Any CPU.Build.0 = Debug|Any CPU
		{41D98B4E-3681-4048-8B6B-91B705808392}.Release|Any CPU.ActiveCfg = Release|Any CPU
		{41D98B4E-3681-4048-8B6B-91B705808392}.Release|Any CPU.Build.0 = Release|Any CPU
		{A3A3387B-671D-4189-800F-35E3F7DFDAA0}.Debug|Any CPU.ActiveCfg = Debug|Any CPU
		{A3A3387B-671D-4189-800F-35E3F7DFDAA0}.Debug|Any CPU.Build.0 = Debug|Any CPU
		{A3A3387B-671D-4189-800F-35E3F7DFDAA0}.Release|Any CPU.ActiveCfg = Release|Any CPU
		{A3A3387B-671D-4189-800F-35E3F7DFDAA0}.Release|Any CPU.Build.0 = Release|Any CPU
		{C785BF9F-9ACD-4246-986B-9103B9BDB2BE}.Debug|Any CPU.ActiveCfg = Debug|Any CPU
		{C785BF9F-9ACD-4246-986B-9103B9BDB2BE}.Debug|Any CPU.Build.0 = Debug|Any CPU
		{C785BF9F-9ACD-4246-986B-9103B9BDB2BE}.Release|Any CPU.ActiveCfg = Release|Any CPU
		{C785BF9F-9ACD-4246-986B-9103B9BDB2BE}.Release|Any CPU.Build.0 = Release|Any CPU
		{10F861FF-0A5E-4501-BAED-D9C3AC1C35DF}.Debug|Any CPU.ActiveCfg = Debug|Any CPU
		{10F861FF-0A5E-4501-BAED-D9C3AC1C35DF}.Debug|Any CPU.Build.0 = Debug|Any CPU
		{10F861FF-0A5E-4501-BAED-D9C3AC1C35DF}.Release|Any CPU.ActiveCfg = Release|Any CPU
		{10F861FF-0A5E-4501-BAED-D9C3AC1C35DF}.Release|Any CPU.Build.0 = Release|Any CPU
		{25987189-613A-48F6-8774-07D600B1E947}.Debug|Any CPU.ActiveCfg = Debug|Any CPU
		{25987189-613A-48F6-8774-07D600B1E947}.Debug|Any CPU.Build.0 = Debug|Any CPU
		{25987189-613A-48F6-8774-07D600B1E947}.Release|Any CPU.ActiveCfg = Release|Any CPU
		{25987189-613A-48F6-8774-07D600B1E947}.Release|Any CPU.Build.0 = Release|Any CPU
		{1ABDA8A7-EEDD-41A5-B54B-0F6573F0C354}.Debug|Any CPU.ActiveCfg = Debug|Any CPU
		{1ABDA8A7-EEDD-41A5-B54B-0F6573F0C354}.Debug|Any CPU.Build.0 = Debug|Any CPU
		{1ABDA8A7-EEDD-41A5-B54B-0F6573F0C354}.Release|Any CPU.ActiveCfg = Release|Any CPU
		{1ABDA8A7-EEDD-41A5-B54B-0F6573F0C354}.Release|Any CPU.Build.0 = Release|Any CPU
		{9CB43908-58D6-4568-AD23-8FD979A4FF66}.Debug|Any CPU.ActiveCfg = Debug|Any CPU
		{9CB43908-58D6-4568-AD23-8FD979A4FF66}.Debug|Any CPU.Build.0 = Debug|Any CPU
		{9CB43908-58D6-4568-AD23-8FD979A4FF66}.Release|Any CPU.ActiveCfg = Release|Any CPU
		{9CB43908-58D6-4568-AD23-8FD979A4FF66}.Release|Any CPU.Build.0 = Release|Any CPU
		{B1EE2B18-C4B4-4B5A-9EC6-A7EA73A461A8}.Debug|Any CPU.ActiveCfg = Debug|Any CPU
		{B1EE2B18-C4B4-4B5A-9EC6-A7EA73A461A8}.Debug|Any CPU.Build.0 = Debug|Any CPU
		{B1EE2B18-C4B4-4B5A-9EC6-A7EA73A461A8}.Release|Any CPU.ActiveCfg = Release|Any CPU
		{B1EE2B18-C4B4-4B5A-9EC6-A7EA73A461A8}.Release|Any CPU.Build.0 = Release|Any CPU
		{C8B77927-D8FE-432F-BE51-F3A02F9CE0E0}.Debug|Any CPU.ActiveCfg = Debug|Any CPU
		{C8B77927-D8FE-432F-BE51-F3A02F9CE0E0}.Debug|Any CPU.Build.0 = Debug|Any CPU
		{C8B77927-D8FE-432F-BE51-F3A02F9CE0E0}.Release|Any CPU.ActiveCfg = Release|Any CPU
		{C8B77927-D8FE-432F-BE51-F3A02F9CE0E0}.Release|Any CPU.Build.0 = Release|Any CPU
		{A987FD55-EBA2-42C8-93DA-0C6444CB27CA}.Debug|Any CPU.ActiveCfg = Debug|Any CPU
		{A987FD55-EBA2-42C8-93DA-0C6444CB27CA}.Debug|Any CPU.Build.0 = Debug|Any CPU
		{A987FD55-EBA2-42C8-93DA-0C6444CB27CA}.Release|Any CPU.ActiveCfg = Release|Any CPU
		{A987FD55-EBA2-42C8-93DA-0C6444CB27CA}.Release|Any CPU.Build.0 = Release|Any CPU
		{2AC11864-C9BC-4730-8750-489D8B2CFDC7}.Debug|Any CPU.ActiveCfg = Debug|Any CPU
		{2AC11864-C9BC-4730-8750-489D8B2CFDC7}.Debug|Any CPU.Build.0 = Debug|Any CPU
		{2AC11864-C9BC-4730-8750-489D8B2CFDC7}.Release|Any CPU.ActiveCfg = Release|Any CPU
		{2AC11864-C9BC-4730-8750-489D8B2CFDC7}.Release|Any CPU.Build.0 = Release|Any CPU
		{93B7130E-A049-44E2-B49B-940CE4C644EF}.Debug|Any CPU.ActiveCfg = Debug|Any CPU
		{93B7130E-A049-44E2-B49B-940CE4C644EF}.Debug|Any CPU.Build.0 = Debug|Any CPU
		{93B7130E-A049-44E2-B49B-940CE4C644EF}.Release|Any CPU.ActiveCfg = Release|Any CPU
		{93B7130E-A049-44E2-B49B-940CE4C644EF}.Release|Any CPU.Build.0 = Release|Any CPU
		{54909CFA-E125-4240-8290-F7942DE35D28}.Debug|Any CPU.ActiveCfg = Debug|Any CPU
		{54909CFA-E125-4240-8290-F7942DE35D28}.Debug|Any CPU.Build.0 = Debug|Any CPU
		{54909CFA-E125-4240-8290-F7942DE35D28}.Release|Any CPU.ActiveCfg = Release|Any CPU
		{54909CFA-E125-4240-8290-F7942DE35D28}.Release|Any CPU.Build.0 = Release|Any CPU
		{84FE7729-FF0E-4482-8F07-7E4FA6A7AAC0}.Debug|Any CPU.ActiveCfg = Debug|Any CPU
		{84FE7729-FF0E-4482-8F07-7E4FA6A7AAC0}.Debug|Any CPU.Build.0 = Debug|Any CPU
		{84FE7729-FF0E-4482-8F07-7E4FA6A7AAC0}.Release|Any CPU.ActiveCfg = Release|Any CPU
		{84FE7729-FF0E-4482-8F07-7E4FA6A7AAC0}.Release|Any CPU.Build.0 = Release|Any CPU
		{C35E2C9C-25EE-4C30-868D-C7AAF03EECF9}.Debug|Any CPU.ActiveCfg = Debug|Any CPU
		{C35E2C9C-25EE-4C30-868D-C7AAF03EECF9}.Debug|Any CPU.Build.0 = Debug|Any CPU
		{C35E2C9C-25EE-4C30-868D-C7AAF03EECF9}.Release|Any CPU.ActiveCfg = Release|Any CPU
		{C35E2C9C-25EE-4C30-868D-C7AAF03EECF9}.Release|Any CPU.Build.0 = Release|Any CPU
		{16894E6F-69AB-49ED-9027-2270A9D9762B}.Debug|Any CPU.ActiveCfg = Debug|Any CPU
		{16894E6F-69AB-49ED-9027-2270A9D9762B}.Debug|Any CPU.Build.0 = Debug|Any CPU
		{16894E6F-69AB-49ED-9027-2270A9D9762B}.Release|Any CPU.ActiveCfg = Release|Any CPU
		{16894E6F-69AB-49ED-9027-2270A9D9762B}.Release|Any CPU.Build.0 = Release|Any CPU
		{50B5F8CA-FC17-4C66-8FC6-85924811FF9A}.Debug|Any CPU.ActiveCfg = Debug|Any CPU
		{50B5F8CA-FC17-4C66-8FC6-85924811FF9A}.Debug|Any CPU.Build.0 = Debug|Any CPU
		{50B5F8CA-FC17-4C66-8FC6-85924811FF9A}.Release|Any CPU.ActiveCfg = Release|Any CPU
		{50B5F8CA-FC17-4C66-8FC6-85924811FF9A}.Release|Any CPU.Build.0 = Release|Any CPU
		{071D4F23-BCD4-4E9C-B7B0-0AA6F2CC4252}.Debug|Any CPU.ActiveCfg = Debug|Any CPU
		{071D4F23-BCD4-4E9C-B7B0-0AA6F2CC4252}.Debug|Any CPU.Build.0 = Debug|Any CPU
		{071D4F23-BCD4-4E9C-B7B0-0AA6F2CC4252}.Release|Any CPU.ActiveCfg = Release|Any CPU
		{071D4F23-BCD4-4E9C-B7B0-0AA6F2CC4252}.Release|Any CPU.Build.0 = Release|Any CPU
		{F0E82C30-C378-41A6-A09D-CDE6979FADE4}.Debug|Any CPU.ActiveCfg = Debug|Any CPU
		{F0E82C30-C378-41A6-A09D-CDE6979FADE4}.Debug|Any CPU.Build.0 = Debug|Any CPU
		{F0E82C30-C378-41A6-A09D-CDE6979FADE4}.Release|Any CPU.ActiveCfg = Release|Any CPU
		{F0E82C30-C378-41A6-A09D-CDE6979FADE4}.Release|Any CPU.Build.0 = Release|Any CPU
		{C6845F9D-9FE0-46DE-B458-781002702354}.Debug|Any CPU.ActiveCfg = Debug|Any CPU
		{C6845F9D-9FE0-46DE-B458-781002702354}.Debug|Any CPU.Build.0 = Debug|Any CPU
		{C6845F9D-9FE0-46DE-B458-781002702354}.Release|Any CPU.ActiveCfg = Release|Any CPU
		{C6845F9D-9FE0-46DE-B458-781002702354}.Release|Any CPU.Build.0 = Release|Any CPU
		{6E7D0FCE-254A-4550-B763-E10027C61CB4}.Debug|Any CPU.ActiveCfg = Debug|Any CPU
		{6E7D0FCE-254A-4550-B763-E10027C61CB4}.Debug|Any CPU.Build.0 = Debug|Any CPU
		{6E7D0FCE-254A-4550-B763-E10027C61CB4}.Release|Any CPU.ActiveCfg = Release|Any CPU
		{6E7D0FCE-254A-4550-B763-E10027C61CB4}.Release|Any CPU.Build.0 = Release|Any CPU
		{86D4A3DC-028B-48D2-B22F-96EA0FBC7DEC}.Debug|Any CPU.ActiveCfg = Debug|Any CPU
		{86D4A3DC-028B-48D2-B22F-96EA0FBC7DEC}.Debug|Any CPU.Build.0 = Debug|Any CPU
		{86D4A3DC-028B-48D2-B22F-96EA0FBC7DEC}.Release|Any CPU.ActiveCfg = Release|Any CPU
		{86D4A3DC-028B-48D2-B22F-96EA0FBC7DEC}.Release|Any CPU.Build.0 = Release|Any CPU
		{231336AF-42FC-48F3-BC8D-3D61C92CC8B5}.Debug|Any CPU.ActiveCfg = Debug|Any CPU
		{231336AF-42FC-48F3-BC8D-3D61C92CC8B5}.Debug|Any CPU.Build.0 = Debug|Any CPU
		{231336AF-42FC-48F3-BC8D-3D61C92CC8B5}.Release|Any CPU.ActiveCfg = Release|Any CPU
		{231336AF-42FC-48F3-BC8D-3D61C92CC8B5}.Release|Any CPU.Build.0 = Release|Any CPU
		{D4E87D7F-0023-46FA-8AAB-90A7516E89AA}.Debug|Any CPU.ActiveCfg = Debug|Any CPU
		{D4E87D7F-0023-46FA-8AAB-90A7516E89AA}.Debug|Any CPU.Build.0 = Debug|Any CPU
		{D4E87D7F-0023-46FA-8AAB-90A7516E89AA}.Release|Any CPU.ActiveCfg = Release|Any CPU
		{D4E87D7F-0023-46FA-8AAB-90A7516E89AA}.Release|Any CPU.Build.0 = Release|Any CPU
		{D4A94B97-992E-49C9-AA35-F1C9AF62760F}.Debug|Any CPU.ActiveCfg = Debug|Any CPU
		{D4A94B97-992E-49C9-AA35-F1C9AF62760F}.Debug|Any CPU.Build.0 = Debug|Any CPU
		{D4A94B97-992E-49C9-AA35-F1C9AF62760F}.Release|Any CPU.ActiveCfg = Release|Any CPU
		{D4A94B97-992E-49C9-AA35-F1C9AF62760F}.Release|Any CPU.Build.0 = Release|Any CPU
		{ECC587CC-B88F-4B6C-9EC9-B5A1049AD1A7}.Debug|Any CPU.ActiveCfg = Debug|Any CPU
		{ECC587CC-B88F-4B6C-9EC9-B5A1049AD1A7}.Debug|Any CPU.Build.0 = Debug|Any CPU
		{ECC587CC-B88F-4B6C-9EC9-B5A1049AD1A7}.Release|Any CPU.ActiveCfg = Release|Any CPU
		{ECC587CC-B88F-4B6C-9EC9-B5A1049AD1A7}.Release|Any CPU.Build.0 = Release|Any CPU
		{BC9F1E31-BBBA-4709-8695-64698C160AEF}.Debug|Any CPU.ActiveCfg = Debug|Any CPU
		{BC9F1E31-BBBA-4709-8695-64698C160AEF}.Debug|Any CPU.Build.0 = Debug|Any CPU
		{BC9F1E31-BBBA-4709-8695-64698C160AEF}.Release|Any CPU.ActiveCfg = Release|Any CPU
		{BC9F1E31-BBBA-4709-8695-64698C160AEF}.Release|Any CPU.Build.0 = Release|Any CPU
		{A89C6E82-33ED-4407-BD28-1581C31A4762}.Debug|Any CPU.ActiveCfg = Debug|Any CPU
		{A89C6E82-33ED-4407-BD28-1581C31A4762}.Debug|Any CPU.Build.0 = Debug|Any CPU
		{A89C6E82-33ED-4407-BD28-1581C31A4762}.Release|Any CPU.ActiveCfg = Release|Any CPU
		{A89C6E82-33ED-4407-BD28-1581C31A4762}.Release|Any CPU.Build.0 = Release|Any CPU
		{DEDCC787-A7B8-4623-BF26-B7503C61371D}.Debug|Any CPU.ActiveCfg = Debug|Any CPU
		{DEDCC787-A7B8-4623-BF26-B7503C61371D}.Debug|Any CPU.Build.0 = Debug|Any CPU
		{DEDCC787-A7B8-4623-BF26-B7503C61371D}.Release|Any CPU.ActiveCfg = Release|Any CPU
		{DEDCC787-A7B8-4623-BF26-B7503C61371D}.Release|Any CPU.Build.0 = Release|Any CPU
		{F0D01956-FF3F-4496-AB6D-D04053BE9750}.Debug|Any CPU.ActiveCfg = Debug|Any CPU
		{F0D01956-FF3F-4496-AB6D-D04053BE9750}.Debug|Any CPU.Build.0 = Debug|Any CPU
		{F0D01956-FF3F-4496-AB6D-D04053BE9750}.Release|Any CPU.ActiveCfg = Release|Any CPU
		{F0D01956-FF3F-4496-AB6D-D04053BE9750}.Release|Any CPU.Build.0 = Release|Any CPU
		{FEB07964-C966-40DD-BEBB-F843570F88EF}.Debug|Any CPU.ActiveCfg = Debug|Any CPU
		{FEB07964-C966-40DD-BEBB-F843570F88EF}.Debug|Any CPU.Build.0 = Debug|Any CPU
		{FEB07964-C966-40DD-BEBB-F843570F88EF}.Release|Any CPU.ActiveCfg = Release|Any CPU
		{FEB07964-C966-40DD-BEBB-F843570F88EF}.Release|Any CPU.Build.0 = Release|Any CPU
		{F9364881-CE50-46C3-B02D-59D3282271EB}.Debug|Any CPU.ActiveCfg = Debug|Any CPU
		{F9364881-CE50-46C3-B02D-59D3282271EB}.Debug|Any CPU.Build.0 = Debug|Any CPU
		{F9364881-CE50-46C3-B02D-59D3282271EB}.Release|Any CPU.ActiveCfg = Release|Any CPU
		{F9364881-CE50-46C3-B02D-59D3282271EB}.Release|Any CPU.Build.0 = Release|Any CPU
		{7C659266-50A3-4286-82FA-825501D1A7E2}.Debug|Any CPU.ActiveCfg = Debug|Any CPU
		{7C659266-50A3-4286-82FA-825501D1A7E2}.Debug|Any CPU.Build.0 = Debug|Any CPU
		{7C659266-50A3-4286-82FA-825501D1A7E2}.Release|Any CPU.ActiveCfg = Release|Any CPU
		{7C659266-50A3-4286-82FA-825501D1A7E2}.Release|Any CPU.Build.0 = Release|Any CPU
		{27927F45-0FEA-4AC4-8355-83FD4160A22A}.Debug|Any CPU.ActiveCfg = Debug|Any CPU
		{27927F45-0FEA-4AC4-8355-83FD4160A22A}.Debug|Any CPU.Build.0 = Debug|Any CPU
		{27927F45-0FEA-4AC4-8355-83FD4160A22A}.Release|Any CPU.ActiveCfg = Release|Any CPU
		{27927F45-0FEA-4AC4-8355-83FD4160A22A}.Release|Any CPU.Build.0 = Release|Any CPU
		{97867C66-04F8-4DA9-938B-DE783215C2D9}.Debug|Any CPU.ActiveCfg = Debug|Any CPU
		{97867C66-04F8-4DA9-938B-DE783215C2D9}.Debug|Any CPU.Build.0 = Debug|Any CPU
		{97867C66-04F8-4DA9-938B-DE783215C2D9}.Release|Any CPU.ActiveCfg = Release|Any CPU
		{97867C66-04F8-4DA9-938B-DE783215C2D9}.Release|Any CPU.Build.0 = Release|Any CPU
		{0F06D4CF-BDFD-474A-BDCE-AB889C510798}.Debug|Any CPU.ActiveCfg = Debug|Any CPU
		{0F06D4CF-BDFD-474A-BDCE-AB889C510798}.Debug|Any CPU.Build.0 = Debug|Any CPU
		{0F06D4CF-BDFD-474A-BDCE-AB889C510798}.Release|Any CPU.ActiveCfg = Release|Any CPU
		{0F06D4CF-BDFD-474A-BDCE-AB889C510798}.Release|Any CPU.Build.0 = Release|Any CPU
		{D10ECC8D-CF23-4816-843C-1030D66F36E9}.Debug|Any CPU.ActiveCfg = Debug|Any CPU
		{D10ECC8D-CF23-4816-843C-1030D66F36E9}.Debug|Any CPU.Build.0 = Debug|Any CPU
		{D10ECC8D-CF23-4816-843C-1030D66F36E9}.Release|Any CPU.ActiveCfg = Release|Any CPU
		{D10ECC8D-CF23-4816-843C-1030D66F36E9}.Release|Any CPU.Build.0 = Release|Any CPU
		{C0C1C8D3-1079-4E2D-AB98-EFE2194EB6E7}.Debug|Any CPU.ActiveCfg = Debug|Any CPU
		{C0C1C8D3-1079-4E2D-AB98-EFE2194EB6E7}.Debug|Any CPU.Build.0 = Debug|Any CPU
		{C0C1C8D3-1079-4E2D-AB98-EFE2194EB6E7}.Release|Any CPU.ActiveCfg = Release|Any CPU
		{C0C1C8D3-1079-4E2D-AB98-EFE2194EB6E7}.Release|Any CPU.Build.0 = Release|Any CPU
		{58346F3E-58A9-4097-82A4-571C31540B68}.Debug|Any CPU.ActiveCfg = Debug|Any CPU
		{58346F3E-58A9-4097-82A4-571C31540B68}.Debug|Any CPU.Build.0 = Debug|Any CPU
		{58346F3E-58A9-4097-82A4-571C31540B68}.Release|Any CPU.ActiveCfg = Release|Any CPU
		{58346F3E-58A9-4097-82A4-571C31540B68}.Release|Any CPU.Build.0 = Release|Any CPU
		{981D564F-D8B8-4E47-80F8-60C6B49525E3}.Debug|Any CPU.ActiveCfg = Debug|Any CPU
		{981D564F-D8B8-4E47-80F8-60C6B49525E3}.Debug|Any CPU.Build.0 = Debug|Any CPU
		{981D564F-D8B8-4E47-80F8-60C6B49525E3}.Release|Any CPU.ActiveCfg = Release|Any CPU
		{981D564F-D8B8-4E47-80F8-60C6B49525E3}.Release|Any CPU.Build.0 = Release|Any CPU
		{54CAE73F-1459-4BB8-A17C-6F3DDA7254E5}.Debug|Any CPU.ActiveCfg = Debug|Any CPU
		{54CAE73F-1459-4BB8-A17C-6F3DDA7254E5}.Debug|Any CPU.Build.0 = Debug|Any CPU
		{54CAE73F-1459-4BB8-A17C-6F3DDA7254E5}.Release|Any CPU.ActiveCfg = Release|Any CPU
		{54CAE73F-1459-4BB8-A17C-6F3DDA7254E5}.Release|Any CPU.Build.0 = Release|Any CPU
		{40399F8B-9F81-438D-A0DE-44E16391D84D}.Debug|Any CPU.ActiveCfg = Debug|Any CPU
		{40399F8B-9F81-438D-A0DE-44E16391D84D}.Debug|Any CPU.Build.0 = Debug|Any CPU
		{40399F8B-9F81-438D-A0DE-44E16391D84D}.Release|Any CPU.ActiveCfg = Release|Any CPU
		{40399F8B-9F81-438D-A0DE-44E16391D84D}.Release|Any CPU.Build.0 = Release|Any CPU
		{381866DB-D8FF-4B90-8611-4E927F424C21}.Debug|Any CPU.ActiveCfg = Debug|Any CPU
		{381866DB-D8FF-4B90-8611-4E927F424C21}.Debug|Any CPU.Build.0 = Debug|Any CPU
		{381866DB-D8FF-4B90-8611-4E927F424C21}.Release|Any CPU.ActiveCfg = Release|Any CPU
		{381866DB-D8FF-4B90-8611-4E927F424C21}.Release|Any CPU.Build.0 = Release|Any CPU
		{CA1C7429-B654-4282-8044-15B799672340}.Debug|Any CPU.ActiveCfg = Debug|Any CPU
		{CA1C7429-B654-4282-8044-15B799672340}.Debug|Any CPU.Build.0 = Debug|Any CPU
		{CA1C7429-B654-4282-8044-15B799672340}.Release|Any CPU.ActiveCfg = Release|Any CPU
		{CA1C7429-B654-4282-8044-15B799672340}.Release|Any CPU.Build.0 = Release|Any CPU
		{9B36BDF2-F590-42E4-857D-BC804FDF460B}.Debug|Any CPU.ActiveCfg = Debug|Any CPU
		{9B36BDF2-F590-42E4-857D-BC804FDF460B}.Debug|Any CPU.Build.0 = Debug|Any CPU
		{9B36BDF2-F590-42E4-857D-BC804FDF460B}.Release|Any CPU.ActiveCfg = Release|Any CPU
		{9B36BDF2-F590-42E4-857D-BC804FDF460B}.Release|Any CPU.Build.0 = Release|Any CPU
		{C00E750C-8695-4665-8731-BAE1FA6B7F37}.Debug|Any CPU.ActiveCfg = Debug|Any CPU
		{C00E750C-8695-4665-8731-BAE1FA6B7F37}.Debug|Any CPU.Build.0 = Debug|Any CPU
		{C00E750C-8695-4665-8731-BAE1FA6B7F37}.Release|Any CPU.ActiveCfg = Release|Any CPU
		{C00E750C-8695-4665-8731-BAE1FA6B7F37}.Release|Any CPU.Build.0 = Release|Any CPU
		{3F2E85E6-4DF5-4F82-993E-C4579675E9BD}.Debug|Any CPU.ActiveCfg = Debug|Any CPU
		{3F2E85E6-4DF5-4F82-993E-C4579675E9BD}.Debug|Any CPU.Build.0 = Debug|Any CPU
		{3F2E85E6-4DF5-4F82-993E-C4579675E9BD}.Release|Any CPU.ActiveCfg = Release|Any CPU
		{3F2E85E6-4DF5-4F82-993E-C4579675E9BD}.Release|Any CPU.Build.0 = Release|Any CPU
		{BEE1D27C-823B-4C14-A98C-9DF240AD98B3}.Debug|Any CPU.ActiveCfg = Debug|Any CPU
		{BEE1D27C-823B-4C14-A98C-9DF240AD98B3}.Debug|Any CPU.Build.0 = Debug|Any CPU
		{BEE1D27C-823B-4C14-A98C-9DF240AD98B3}.Release|Any CPU.ActiveCfg = Release|Any CPU
		{BEE1D27C-823B-4C14-A98C-9DF240AD98B3}.Release|Any CPU.Build.0 = Release|Any CPU
		{EEFF4880-1ECF-4220-BC7B-CF32092639EC}.Debug|Any CPU.ActiveCfg = Debug|Any CPU
		{EEFF4880-1ECF-4220-BC7B-CF32092639EC}.Debug|Any CPU.Build.0 = Debug|Any CPU
		{EEFF4880-1ECF-4220-BC7B-CF32092639EC}.Release|Any CPU.ActiveCfg = Release|Any CPU
		{EEFF4880-1ECF-4220-BC7B-CF32092639EC}.Release|Any CPU.Build.0 = Release|Any CPU
		{06EB3CB1-AB9B-42E3-92B7-16BDF7AF76C7}.Debug|Any CPU.ActiveCfg = Debug|Any CPU
		{06EB3CB1-AB9B-42E3-92B7-16BDF7AF76C7}.Debug|Any CPU.Build.0 = Debug|Any CPU
		{06EB3CB1-AB9B-42E3-92B7-16BDF7AF76C7}.Release|Any CPU.ActiveCfg = Release|Any CPU
		{06EB3CB1-AB9B-42E3-92B7-16BDF7AF76C7}.Release|Any CPU.Build.0 = Release|Any CPU
		{941FE804-4D8D-4847-B9B7-3EF59AAC04F5}.Debug|Any CPU.ActiveCfg = Debug|Any CPU
		{941FE804-4D8D-4847-B9B7-3EF59AAC04F5}.Debug|Any CPU.Build.0 = Debug|Any CPU
		{941FE804-4D8D-4847-B9B7-3EF59AAC04F5}.Release|Any CPU.ActiveCfg = Release|Any CPU
		{941FE804-4D8D-4847-B9B7-3EF59AAC04F5}.Release|Any CPU.Build.0 = Release|Any CPU
		{9B97ADA5-ACFB-43DE-A12D-718AAA8EC333}.Debug|Any CPU.ActiveCfg = Debug|Any CPU
		{9B97ADA5-ACFB-43DE-A12D-718AAA8EC333}.Debug|Any CPU.Build.0 = Debug|Any CPU
		{9B97ADA5-ACFB-43DE-A12D-718AAA8EC333}.Release|Any CPU.ActiveCfg = Release|Any CPU
		{9B97ADA5-ACFB-43DE-A12D-718AAA8EC333}.Release|Any CPU.Build.0 = Release|Any CPU
		{D0F0F80D-C16A-41DC-8D36-6B2837CD1630}.Debug|Any CPU.ActiveCfg = Debug|Any CPU
		{D0F0F80D-C16A-41DC-8D36-6B2837CD1630}.Debug|Any CPU.Build.0 = Debug|Any CPU
		{D0F0F80D-C16A-41DC-8D36-6B2837CD1630}.Release|Any CPU.ActiveCfg = Release|Any CPU
		{D0F0F80D-C16A-41DC-8D36-6B2837CD1630}.Release|Any CPU.Build.0 = Release|Any CPU
		{4F697A90-1A78-46FD-9CEA-BE4DB3ACE25E}.Debug|Any CPU.ActiveCfg = Debug|Any CPU
		{4F697A90-1A78-46FD-9CEA-BE4DB3ACE25E}.Debug|Any CPU.Build.0 = Debug|Any CPU
		{4F697A90-1A78-46FD-9CEA-BE4DB3ACE25E}.Release|Any CPU.ActiveCfg = Release|Any CPU
		{4F697A90-1A78-46FD-9CEA-BE4DB3ACE25E}.Release|Any CPU.Build.0 = Release|Any CPU
		{D1EE5AD0-7F92-4EE3-BE53-264FF82F9797}.Debug|Any CPU.ActiveCfg = Debug|Any CPU
		{D1EE5AD0-7F92-4EE3-BE53-264FF82F9797}.Debug|Any CPU.Build.0 = Debug|Any CPU
		{D1EE5AD0-7F92-4EE3-BE53-264FF82F9797}.Release|Any CPU.ActiveCfg = Release|Any CPU
		{D1EE5AD0-7F92-4EE3-BE53-264FF82F9797}.Release|Any CPU.Build.0 = Release|Any CPU
		{97ADA34B-47E0-4CFE-A88A-7771E84784AA}.Debug|Any CPU.ActiveCfg = Debug|Any CPU
		{97ADA34B-47E0-4CFE-A88A-7771E84784AA}.Debug|Any CPU.Build.0 = Debug|Any CPU
		{97ADA34B-47E0-4CFE-A88A-7771E84784AA}.Release|Any CPU.ActiveCfg = Release|Any CPU
		{97ADA34B-47E0-4CFE-A88A-7771E84784AA}.Release|Any CPU.Build.0 = Release|Any CPU
		{213C47E7-DA1E-431A-8708-9FCCF4120F9A}.Debug|Any CPU.ActiveCfg = Debug|Any CPU
		{213C47E7-DA1E-431A-8708-9FCCF4120F9A}.Debug|Any CPU.Build.0 = Debug|Any CPU
		{213C47E7-DA1E-431A-8708-9FCCF4120F9A}.Release|Any CPU.ActiveCfg = Release|Any CPU
		{213C47E7-DA1E-431A-8708-9FCCF4120F9A}.Release|Any CPU.Build.0 = Release|Any CPU
		{9FDFB0C2-BAAD-49AC-9647-83B58E9A6F5B}.Debug|Any CPU.ActiveCfg = Debug|Any CPU
		{9FDFB0C2-BAAD-49AC-9647-83B58E9A6F5B}.Debug|Any CPU.Build.0 = Debug|Any CPU
		{9FDFB0C2-BAAD-49AC-9647-83B58E9A6F5B}.Release|Any CPU.ActiveCfg = Release|Any CPU
		{9FDFB0C2-BAAD-49AC-9647-83B58E9A6F5B}.Release|Any CPU.Build.0 = Release|Any CPU
		{7AFB3546-B8D0-47FA-B469-92677DACE152}.Debug|Any CPU.ActiveCfg = Debug|Any CPU
		{7AFB3546-B8D0-47FA-B469-92677DACE152}.Debug|Any CPU.Build.0 = Debug|Any CPU
		{7AFB3546-B8D0-47FA-B469-92677DACE152}.Release|Any CPU.ActiveCfg = Release|Any CPU
		{7AFB3546-B8D0-47FA-B469-92677DACE152}.Release|Any CPU.Build.0 = Release|Any CPU
		{3726308C-ADE7-4D40-BB3B-150C0D958B87}.Debug|Any CPU.ActiveCfg = Debug|Any CPU
		{3726308C-ADE7-4D40-BB3B-150C0D958B87}.Debug|Any CPU.Build.0 = Debug|Any CPU
		{3726308C-ADE7-4D40-BB3B-150C0D958B87}.Release|Any CPU.ActiveCfg = Release|Any CPU
		{3726308C-ADE7-4D40-BB3B-150C0D958B87}.Release|Any CPU.Build.0 = Release|Any CPU
		{A355E6B2-7D80-4EF2-AFA0-AAF2BE53857A}.Debug|Any CPU.ActiveCfg = Debug|Any CPU
		{A355E6B2-7D80-4EF2-AFA0-AAF2BE53857A}.Debug|Any CPU.Build.0 = Debug|Any CPU
		{A355E6B2-7D80-4EF2-AFA0-AAF2BE53857A}.Release|Any CPU.ActiveCfg = Release|Any CPU
		{A355E6B2-7D80-4EF2-AFA0-AAF2BE53857A}.Release|Any CPU.Build.0 = Release|Any CPU
		{26B07136-D8C5-4D84-AC24-2FA82E40B090}.Debug|Any CPU.ActiveCfg = Debug|Any CPU
		{26B07136-D8C5-4D84-AC24-2FA82E40B090}.Debug|Any CPU.Build.0 = Debug|Any CPU
		{26B07136-D8C5-4D84-AC24-2FA82E40B090}.Release|Any CPU.ActiveCfg = Release|Any CPU
		{26B07136-D8C5-4D84-AC24-2FA82E40B090}.Release|Any CPU.Build.0 = Release|Any CPU
		{67DEAE1D-FBC0-4011-9AD4-8873C68D7D7F}.Debug|Any CPU.ActiveCfg = Debug|Any CPU
		{67DEAE1D-FBC0-4011-9AD4-8873C68D7D7F}.Debug|Any CPU.Build.0 = Debug|Any CPU
		{67DEAE1D-FBC0-4011-9AD4-8873C68D7D7F}.Release|Any CPU.ActiveCfg = Release|Any CPU
		{67DEAE1D-FBC0-4011-9AD4-8873C68D7D7F}.Release|Any CPU.Build.0 = Release|Any CPU
		{E14CDC6D-EED3-40DD-A466-32FC37659CD2}.Debug|Any CPU.ActiveCfg = Debug|Any CPU
		{E14CDC6D-EED3-40DD-A466-32FC37659CD2}.Debug|Any CPU.Build.0 = Debug|Any CPU
		{E14CDC6D-EED3-40DD-A466-32FC37659CD2}.Release|Any CPU.ActiveCfg = Release|Any CPU
		{E14CDC6D-EED3-40DD-A466-32FC37659CD2}.Release|Any CPU.Build.0 = Release|Any CPU
		{C45B792A-9A0F-4D25-BAF2-09B3DF7B55E2}.Debug|Any CPU.ActiveCfg = Debug|Any CPU
		{C45B792A-9A0F-4D25-BAF2-09B3DF7B55E2}.Debug|Any CPU.Build.0 = Debug|Any CPU
		{C45B792A-9A0F-4D25-BAF2-09B3DF7B55E2}.Release|Any CPU.ActiveCfg = Release|Any CPU
		{C45B792A-9A0F-4D25-BAF2-09B3DF7B55E2}.Release|Any CPU.Build.0 = Release|Any CPU
		{5B6AFD97-B05E-4ED0-903F-FE7EC8EF6863}.Debug|Any CPU.ActiveCfg = Debug|Any CPU
		{5B6AFD97-B05E-4ED0-903F-FE7EC8EF6863}.Debug|Any CPU.Build.0 = Debug|Any CPU
		{5B6AFD97-B05E-4ED0-903F-FE7EC8EF6863}.Release|Any CPU.ActiveCfg = Release|Any CPU
		{5B6AFD97-B05E-4ED0-903F-FE7EC8EF6863}.Release|Any CPU.Build.0 = Release|Any CPU
		{FBE8571C-0B81-49BC-B69F-F7EA2165523C}.Debug|Any CPU.ActiveCfg = Debug|Any CPU
		{FBE8571C-0B81-49BC-B69F-F7EA2165523C}.Debug|Any CPU.Build.0 = Debug|Any CPU
		{FBE8571C-0B81-49BC-B69F-F7EA2165523C}.Release|Any CPU.ActiveCfg = Release|Any CPU
		{FBE8571C-0B81-49BC-B69F-F7EA2165523C}.Release|Any CPU.Build.0 = Release|Any CPU
		{293DD35B-4E08-4FAE-AD0A-3FF302824356}.Debug|Any CPU.ActiveCfg = Debug|Any CPU
		{293DD35B-4E08-4FAE-AD0A-3FF302824356}.Debug|Any CPU.Build.0 = Debug|Any CPU
		{293DD35B-4E08-4FAE-AD0A-3FF302824356}.Release|Any CPU.ActiveCfg = Release|Any CPU
		{293DD35B-4E08-4FAE-AD0A-3FF302824356}.Release|Any CPU.Build.0 = Release|Any CPU
		{F5C07EB9-E9AD-4655-84D8-0BE73FFBCEA9}.Debug|Any CPU.ActiveCfg = Debug|Any CPU
		{F5C07EB9-E9AD-4655-84D8-0BE73FFBCEA9}.Debug|Any CPU.Build.0 = Debug|Any CPU
		{F5C07EB9-E9AD-4655-84D8-0BE73FFBCEA9}.Release|Any CPU.ActiveCfg = Release|Any CPU
		{F5C07EB9-E9AD-4655-84D8-0BE73FFBCEA9}.Release|Any CPU.Build.0 = Release|Any CPU
		{0AEEB525-A5FF-44D2-BCED-781ADCA76F44}.Debug|Any CPU.ActiveCfg = Debug|Any CPU
		{0AEEB525-A5FF-44D2-BCED-781ADCA76F44}.Debug|Any CPU.Build.0 = Debug|Any CPU
		{0AEEB525-A5FF-44D2-BCED-781ADCA76F44}.Release|Any CPU.ActiveCfg = Release|Any CPU
		{0AEEB525-A5FF-44D2-BCED-781ADCA76F44}.Release|Any CPU.Build.0 = Release|Any CPU
	EndGlobalSection
	GlobalSection(SolutionProperties) = preSolution
		HideSolutionNode = FALSE
	EndGlobalSection
	GlobalSection(ExtensibilityGlobals) = postSolution
		SolutionGuid = {FA6DD32D-1BB9-42AE-AFDF-F833410E27BB}
	EndGlobalSection
EndGlobal
